// !$*UTF8*$!
{
	archiveVersion = 1;
	classes = {
	};
	objectVersion = 56;
	objects = {

/* Begin PBXBuildFile section */
		75C2DDC72A60BA0E008CC6D8 /* RestartApp.swift in Sources */ = {isa = PBXBuildFile; fileRef = 75C2DDC62A60BA0E008CC6D8 /* RestartApp.swift */; };
		75C2DDC92A60BA0E008CC6D8 /* ContentView.swift in Sources */ = {isa = PBXBuildFile; fileRef = 75C2DDC82A60BA0E008CC6D8 /* ContentView.swift */; };
		75C2DDCB2A60BA0F008CC6D8 /* Assets.xcassets in Resources */ = {isa = PBXBuildFile; fileRef = 75C2DDCA2A60BA0F008CC6D8 /* Assets.xcassets */; };
		75C2DDCE2A60BA0F008CC6D8 /* Preview Assets.xcassets in Resources */ = {isa = PBXBuildFile; fileRef = 75C2DDCD2A60BA0F008CC6D8 /* Preview Assets.xcassets */; };
		75C2DDD62A60BB0A008CC6D8 /* chimeup.mp3 in Resources */ = {isa = PBXBuildFile; fileRef = 75C2DDD42A60BB0A008CC6D8 /* chimeup.mp3 */; };
		75C2DDD72A60BB0A008CC6D8 /* success.m4a in Resources */ = {isa = PBXBuildFile; fileRef = 75C2DDD52A60BB0A008CC6D8 /* success.m4a */; };
		75C2DDDE2A60BDB1008CC6D8 /* OnboardingView.swift in Sources */ = {isa = PBXBuildFile; fileRef = 75C2DDDD2A60BDB1008CC6D8 /* OnboardingView.swift */; };
		75C2DDE02A60BDD5008CC6D8 /* HomeView.swift in Sources */ = {isa = PBXBuildFile; fileRef = 75C2DDDF2A60BDD5008CC6D8 /* HomeView.swift */; };
		75C2DDE22A60C67F008CC6D8 /* CircleGroupView.swift in Sources */ = {isa = PBXBuildFile; fileRef = 75C2DDE12A60C67F008CC6D8 /* CircleGroupView.swift */; };
		75C2DDE42A60D6CD008CC6D8 /* AudioPlayer.swift in Sources */ = {isa = PBXBuildFile; fileRef = 75C2DDE32A60D6CD008CC6D8 /* AudioPlayer.swift */; };
/* End PBXBuildFile section */

/* Begin PBXFileReference section */
		75C2DDC32A60BA0E008CC6D8 /* Restart.app */ = {isa = PBXFileReference; explicitFileType = wrapper.application; includeInIndex = 0; path = Restart.app; sourceTree = BUILT_PRODUCTS_DIR; };
		75C2DDC62A60BA0E008CC6D8 /* RestartApp.swift */ = {isa = PBXFileReference; lastKnownFileType = sourcecode.swift; path = RestartApp.swift; sourceTree = "<group>"; };
		75C2DDC82A60BA0E008CC6D8 /* ContentView.swift */ = {isa = PBXFileReference; lastKnownFileType = sourcecode.swift; path = ContentView.swift; sourceTree = "<group>"; };
		75C2DDCA2A60BA0F008CC6D8 /* Assets.xcassets */ = {isa = PBXFileReference; lastKnownFileType = folder.assetcatalog; path = Assets.xcassets; sourceTree = "<group>"; };
		75C2DDCD2A60BA0F008CC6D8 /* Preview Assets.xcassets */ = {isa = PBXFileReference; lastKnownFileType = folder.assetcatalog; path = "Preview Assets.xcassets"; sourceTree = "<group>"; };
		75C2DDD42A60BB0A008CC6D8 /* chimeup.mp3 */ = {isa = PBXFileReference; lastKnownFileType = audio.mp3; path = chimeup.mp3; sourceTree = "<group>"; };
		75C2DDD52A60BB0A008CC6D8 /* success.m4a */ = {isa = PBXFileReference; lastKnownFileType = file; path = success.m4a; sourceTree = "<group>"; };
		75C2DDDC2A60BD41008CC6D8 /* Info.plist */ = {isa = PBXFileReference; lastKnownFileType = text.plist; path = Info.plist; sourceTree = "<group>"; };
		75C2DDDD2A60BDB1008CC6D8 /* OnboardingView.swift */ = {isa = PBXFileReference; lastKnownFileType = sourcecode.swift; path = OnboardingView.swift; sourceTree = "<group>"; };
		75C2DDDF2A60BDD5008CC6D8 /* HomeView.swift */ = {isa = PBXFileReference; lastKnownFileType = sourcecode.swift; path = HomeView.swift; sourceTree = "<group>"; };
		75C2DDE12A60C67F008CC6D8 /* CircleGroupView.swift */ = {isa = PBXFileReference; lastKnownFileType = sourcecode.swift; path = CircleGroupView.swift; sourceTree = "<group>"; };
		75C2DDE32A60D6CD008CC6D8 /* AudioPlayer.swift */ = {isa = PBXFileReference; lastKnownFileType = sourcecode.swift; path = AudioPlayer.swift; sourceTree = "<group>"; };
/* End PBXFileReference section */

/* Begin PBXFrameworksBuildPhase section */
		75C2DDC02A60BA0E008CC6D8 /* Frameworks */ = {
			isa = PBXFrameworksBuildPhase;
			buildActionMask = 2147483647;
			files = (
			);
			runOnlyForDeploymentPostprocessing = 0;
		};
/* End PBXFrameworksBuildPhase section */

/* Begin PBXGroup section */
		75C2DDBA2A60BA0E008CC6D8 = {
			isa = PBXGroup;
			children = (
				75C2DDC52A60BA0E008CC6D8 /* Restart */,
				75C2DDC42A60BA0E008CC6D8 /* Products */,
			);
			sourceTree = "<group>";
		};
		75C2DDC42A60BA0E008CC6D8 /* Products */ = {
			isa = PBXGroup;
			children = (
				75C2DDC32A60BA0E008CC6D8 /* Restart.app */,
			);
			name = Products;
			sourceTree = "<group>";
		};
		75C2DDC52A60BA0E008CC6D8 /* Restart */ = {
			isa = PBXGroup;
			children = (
				75C2DDDC2A60BD41008CC6D8 /* Info.plist */,
				75C2DDCA2A60BA0F008CC6D8 /* Assets.xcassets */,
				75C2DDC62A60BA0E008CC6D8 /* RestartApp.swift */,
				75C2DDCC2A60BA0F008CC6D8 /* Preview Content */,
				75C2DDD92A60BBFF008CC6D8 /* Screens */,
				75C2DDD82A60BB16008CC6D8 /* Sounds */,
				75C2DDDB2A60BC29008CC6D8 /* Utilities */,
				75C2DDDA2A60BC0C008CC6D8 /* Views */,
			);
			path = Restart;
			sourceTree = "<group>";
		};
		75C2DDCC2A60BA0F008CC6D8 /* Preview Content */ = {
			isa = PBXGroup;
			children = (
				75C2DDCD2A60BA0F008CC6D8 /* Preview Assets.xcassets */,
			);
			path = "Preview Content";
			sourceTree = "<group>";
		};
		75C2DDD82A60BB16008CC6D8 /* Sounds */ = {
			isa = PBXGroup;
			children = (
				75C2DDD42A60BB0A008CC6D8 /* chimeup.mp3 */,
				75C2DDD52A60BB0A008CC6D8 /* success.m4a */,
			);
			path = Sounds;
			sourceTree = "<group>";
		};
		75C2DDD92A60BBFF008CC6D8 /* Screens */ = {
			isa = PBXGroup;
			children = (
				75C2DDC82A60BA0E008CC6D8 /* ContentView.swift */,
				75C2DDDD2A60BDB1008CC6D8 /* OnboardingView.swift */,
				75C2DDDF2A60BDD5008CC6D8 /* HomeView.swift */,
			);
			path = Screens;
			sourceTree = "<group>";
		};
		75C2DDDA2A60BC0C008CC6D8 /* Views */ = {
			isa = PBXGroup;
			children = (
				75C2DDE12A60C67F008CC6D8 /* CircleGroupView.swift */,
			);
			path = Views;
			sourceTree = "<group>";
		};
		75C2DDDB2A60BC29008CC6D8 /* Utilities */ = {
			isa = PBXGroup;
			children = (
				75C2DDE32A60D6CD008CC6D8 /* AudioPlayer.swift */,
			);
			path = Utilities;
			sourceTree = "<group>";
		};
/* End PBXGroup section */

/* Begin PBXNativeTarget section */
		75C2DDC22A60BA0E008CC6D8 /* Restart */ = {
			isa = PBXNativeTarget;
			buildConfigurationList = 75C2DDD12A60BA0F008CC6D8 /* Build configuration list for PBXNativeTarget "Restart" */;
			buildPhases = (
				75C2DDBF2A60BA0E008CC6D8 /* Sources */,
				75C2DDC02A60BA0E008CC6D8 /* Frameworks */,
				75C2DDC12A60BA0E008CC6D8 /* Resources */,
			);
			buildRules = (
			);
			dependencies = (
			);
			name = Restart;
			productName = Restart;
			productReference = 75C2DDC32A60BA0E008CC6D8 /* Restart.app */;
			productType = "com.apple.product-type.application";
		};
/* End PBXNativeTarget section */

/* Begin PBXProject section */
		75C2DDBB2A60BA0E008CC6D8 /* Project object */ = {
			isa = PBXProject;
			attributes = {
				BuildIndependentTargetsInParallel = 1;
				LastSwiftUpdateCheck = 1430;
				LastUpgradeCheck = 1430;
				TargetAttributes = {
					75C2DDC22A60BA0E008CC6D8 = {
						CreatedOnToolsVersion = 14.3.1;
					};
				};
			};
			buildConfigurationList = 75C2DDBE2A60BA0E008CC6D8 /* Build configuration list for PBXProject "Restart" */;
			compatibilityVersion = "Xcode 14.0";
			developmentRegion = en;
			hasScannedForEncodings = 0;
			knownRegions = (
				en,
				Base,
			);
			mainGroup = 75C2DDBA2A60BA0E008CC6D8;
			productRefGroup = 75C2DDC42A60BA0E008CC6D8 /* Products */;
			projectDirPath = "";
			projectRoot = "";
			targets = (
				75C2DDC22A60BA0E008CC6D8 /* Restart */,
			);
		};
/* End PBXProject section */

/* Begin PBXResourcesBuildPhase section */
		75C2DDC12A60BA0E008CC6D8 /* Resources */ = {
			isa = PBXResourcesBuildPhase;
			buildActionMask = 2147483647;
			files = (
				75C2DDD72A60BB0A008CC6D8 /* success.m4a in Resources */,
				75C2DDD62A60BB0A008CC6D8 /* chimeup.mp3 in Resources */,
				75C2DDCE2A60BA0F008CC6D8 /* Preview Assets.xcassets in Resources */,
				75C2DDCB2A60BA0F008CC6D8 /* Assets.xcassets in Resources */,
			);
			runOnlyForDeploymentPostprocessing = 0;
		};
/* End PBXResourcesBuildPhase section */

/* Begin PBXSourcesBuildPhase section */
		75C2DDBF2A60BA0E008CC6D8 /* Sources */ = {
			isa = PBXSourcesBuildPhase;
			buildActionMask = 2147483647;
			files = (
				75C2DDE22A60C67F008CC6D8 /* CircleGroupView.swift in Sources */,
				75C2DDDE2A60BDB1008CC6D8 /* OnboardingView.swift in Sources */,
				75C2DDE02A60BDD5008CC6D8 /* HomeView.swift in Sources */,
				75C2DDC92A60BA0E008CC6D8 /* ContentView.swift in Sources */,
				75C2DDC72A60BA0E008CC6D8 /* RestartApp.swift in Sources */,
				75C2DDE42A60D6CD008CC6D8 /* AudioPlayer.swift in Sources */,
			);
			runOnlyForDeploymentPostprocessing = 0;
		};
/* End PBXSourcesBuildPhase section */

/* Begin XCBuildConfiguration section */
		75C2DDCF2A60BA0F008CC6D8 /* Debug */ = {
			isa = XCBuildConfiguration;
			buildSettings = {
				ALWAYS_SEARCH_USER_PATHS = NO;
				CLANG_ANALYZER_NONNULL = YES;
				CLANG_ANALYZER_NUMBER_OBJECT_CONVERSION = YES_AGGRESSIVE;
				CLANG_CXX_LANGUAGE_STANDARD = "gnu++20";
				CLANG_ENABLE_MODULES = YES;
				CLANG_ENABLE_OBJC_ARC = YES;
				CLANG_ENABLE_OBJC_WEAK = YES;
				CLANG_WARN_BLOCK_CAPTURE_AUTORELEASING = YES;
				CLANG_WARN_BOOL_CONVERSION = YES;
				CLANG_WARN_COMMA = YES;
				CLANG_WARN_CONSTANT_CONVERSION = YES;
				CLANG_WARN_DEPRECATED_OBJC_IMPLEMENTATIONS = YES;
				CLANG_WARN_DIRECT_OBJC_ISA_USAGE = YES_ERROR;
				CLANG_WARN_DOCUMENTATION_COMMENTS = YES;
				CLANG_WARN_EMPTY_BODY = YES;
				CLANG_WARN_ENUM_CONVERSION = YES;
				CLANG_WARN_INFINITE_RECURSION = YES;
				CLANG_WARN_INT_CONVERSION = YES;
				CLANG_WARN_NON_LITERAL_NULL_CONVERSION = YES;
				CLANG_WARN_OBJC_IMPLICIT_RETAIN_SELF = YES;
				CLANG_WARN_OBJC_LITERAL_CONVERSION = YES;
				CLANG_WARN_OBJC_ROOT_CLASS = YES_ERROR;
				CLANG_WARN_QUOTED_INCLUDE_IN_FRAMEWORK_HEADER = YES;
				CLANG_WARN_RANGE_LOOP_ANALYSIS = YES;
				CLANG_WARN_STRICT_PROTOTYPES = YES;
				CLANG_WARN_SUSPICIOUS_MOVE = YES;
				CLANG_WARN_UNGUARDED_AVAILABILITY = YES_AGGRESSIVE;
				CLANG_WARN_UNREACHABLE_CODE = YES;
				CLANG_WARN__DUPLICATE_METHOD_MATCH = YES;
				COPY_PHASE_STRIP = NO;
				DEBUG_INFORMATION_FORMAT = dwarf;
				ENABLE_STRICT_OBJC_MSGSEND = YES;
				ENABLE_TESTABILITY = YES;
				GCC_C_LANGUAGE_STANDARD = gnu11;
				GCC_DYNAMIC_NO_PIC = NO;
				GCC_NO_COMMON_BLOCKS = YES;
				GCC_OPTIMIZATION_LEVEL = 0;
				GCC_PREPROCESSOR_DEFINITIONS = (
					"DEBUG=1",
					"$(inherited)",
				);
				GCC_WARN_64_TO_32_BIT_CONVERSION = YES;
				GCC_WARN_ABOUT_RETURN_TYPE = YES_ERROR;
				GCC_WARN_UNDECLARED_SELECTOR = YES;
				GCC_WARN_UNINITIALIZED_AUTOS = YES_AGGRESSIVE;
				GCC_WARN_UNUSED_FUNCTION = YES;
				GCC_WARN_UNUSED_VARIABLE = YES;
				IPHONEOS_DEPLOYMENT_TARGET = 16.4;
				MTL_ENABLE_DEBUG_INFO = INCLUDE_SOURCE;
				MTL_FAST_MATH = YES;
				ONLY_ACTIVE_ARCH = YES;
				SDKROOT = iphoneos;
				SWIFT_ACTIVE_COMPILATION_CONDITIONS = DEBUG;
				SWIFT_OPTIMIZATION_LEVEL = "-Onone";
			};
			name = Debug;
		};
		75C2DDD02A60BA0F008CC6D8 /* Release */ = {
			isa = XCBuildConfiguration;
			buildSettings = {
				ALWAYS_SEARCH_USER_PATHS = NO;
				CLANG_ANALYZER_NONNULL = YES;
				CLANG_ANALYZER_NUMBER_OBJECT_CONVERSION = YES_AGGRESSIVE;
				CLANG_CXX_LANGUAGE_STANDARD = "gnu++20";
				CLANG_ENABLE_MODULES = YES;
				CLANG_ENABLE_OBJC_ARC = YES;
				CLANG_ENABLE_OBJC_WEAK = YES;
				CLANG_WARN_BLOCK_CAPTURE_AUTORELEASING = YES;
				CLANG_WARN_BOOL_CONVERSION = YES;
				CLANG_WARN_COMMA = YES;
				CLANG_WARN_CONSTANT_CONVERSION = YES;
				CLANG_WARN_DEPRECATED_OBJC_IMPLEMENTATIONS = YES;
				CLANG_WARN_DIRECT_OBJC_ISA_USAGE = YES_ERROR;
				CLANG_WARN_DOCUMENTATION_COMMENTS = YES;
				CLANG_WARN_EMPTY_BODY = YES;
				CLANG_WARN_ENUM_CONVERSION = YES;
				CLANG_WARN_INFINITE_RECURSION = YES;
				CLANG_WARN_INT_CONVERSION = YES;
				CLANG_WARN_NON_LITERAL_NULL_CONVERSION = YES;
				CLANG_WARN_OBJC_IMPLICIT_RETAIN_SELF = YES;
				CLANG_WARN_OBJC_LITERAL_CONVERSION = YES;
				CLANG_WARN_OBJC_ROOT_CLASS = YES_ERROR;
				CLANG_WARN_QUOTED_INCLUDE_IN_FRAMEWORK_HEADER = YES;
				CLANG_WARN_RANGE_LOOP_ANALYSIS = YES;
				CLANG_WARN_STRICT_PROTOTYPES = YES;
				CLANG_WARN_SUSPICIOUS_MOVE = YES;
				CLANG_WARN_UNGUARDED_AVAILABILITY = YES_AGGRESSIVE;
				CLANG_WARN_UNREACHABLE_CODE = YES;
				CLANG_WARN__DUPLICATE_METHOD_MATCH = YES;
				COPY_PHASE_STRIP = NO;
				DEBUG_INFORMATION_FORMAT = "dwarf-with-dsym";
				ENABLE_NS_ASSERTIONS = NO;
				ENABLE_STRICT_OBJC_MSGSEND = YES;
				GCC_C_LANGUAGE_STANDARD = gnu11;
				GCC_NO_COMMON_BLOCKS = YES;
				GCC_WARN_64_TO_32_BIT_CONVERSION = YES;
				GCC_WARN_ABOUT_RETURN_TYPE = YES_ERROR;
				GCC_WARN_UNDECLARED_SELECTOR = YES;
				GCC_WARN_UNINITIALIZED_AUTOS = YES_AGGRESSIVE;
				GCC_WARN_UNUSED_FUNCTION = YES;
				GCC_WARN_UNUSED_VARIABLE = YES;
				IPHONEOS_DEPLOYMENT_TARGET = 16.4;
				MTL_ENABLE_DEBUG_INFO = NO;
				MTL_FAST_MATH = YES;
				SDKROOT = iphoneos;
				SWIFT_COMPILATION_MODE = wholemodule;
				SWIFT_OPTIMIZATION_LEVEL = "-O";
				VALIDATE_PRODUCT = YES;
			};
			name = Release;
		};
		75C2DDD22A60BA0F008CC6D8 /* Debug */ = {
			isa = XCBuildConfiguration;
			buildSettings = {
				ASSETCATALOG_COMPILER_APPICON_NAME = AppIcon;
				ASSETCATALOG_COMPILER_GLOBAL_ACCENT_COLOR_NAME = AccentColor;
				CODE_SIGN_STYLE = Automatic;
				CURRENT_PROJECT_VERSION = 1;
				DEVELOPMENT_ASSET_PATHS = "\"Restart/Preview Content\"";
				DEVELOPMENT_TEAM = DFC49FT68L;
				ENABLE_PREVIEWS = YES;
				GENERATE_INFOPLIST_FILE = YES;
				INFOPLIST_FILE = Restart/Info.plist;
				INFOPLIST_KEY_UIApplicationSceneManifest_Generation = YES;
				INFOPLIST_KEY_UIApplicationSupportsIndirectInputEvents = YES;
				INFOPLIST_KEY_UISupportedInterfaceOrientations = UIInterfaceOrientationPortrait;
				LD_RUNPATH_SEARCH_PATHS = (
					"$(inherited)",
					"@executable_path/Frameworks",
				);
				MARKETING_VERSION = 1.0;
				PRODUCT_BUNDLE_IDENTIFIER = com.micahhodge.Restart;
				PRODUCT_NAME = "$(TARGET_NAME)";
				SWIFT_EMIT_LOC_STRINGS = YES;
				SWIFT_VERSION = 5.0;
				TARGETED_DEVICE_FAMILY = "1,2";
			};
			name = Debug;
		};
		75C2DDD32A60BA0F008CC6D8 /* Release */ = {
			isa = XCBuildConfiguration;
			buildSettings = {
				ASSETCATALOG_COMPILER_APPICON_NAME = AppIcon;
				ASSETCATALOG_COMPILER_GLOBAL_ACCENT_COLOR_NAME = AccentColor;
				CODE_SIGN_STYLE = Automatic;
				CURRENT_PROJECT_VERSION = 1;
				DEVELOPMENT_ASSET_PATHS = "\"Restart/Preview Content\"";
				DEVELOPMENT_TEAM = DFC49FT68L;
				ENABLE_PREVIEWS = YES;
				GENERATE_INFOPLIST_FILE = YES;
				INFOPLIST_FILE = Restart/Info.plist;
				INFOPLIST_KEY_UIApplicationSceneManifest_Generation = YES;
				INFOPLIST_KEY_UIApplicationSupportsIndirectInputEvents = YES;
				INFOPLIST_KEY_UISupportedInterfaceOrientations = UIInterfaceOrientationPortrait;
				LD_RUNPATH_SEARCH_PATHS = (
					"$(inherited)",
					"@executable_path/Frameworks",
				);
				MARKETING_VERSION = 1.0;
				PRODUCT_BUNDLE_IDENTIFIER = com.micahhodge.Restart;
				PRODUCT_NAME = "$(TARGET_NAME)";
				SWIFT_EMIT_LOC_STRINGS = YES;
				SWIFT_VERSION = 5.0;
				TARGETED_DEVICE_FAMILY = "1,2";
			};
			name = Release;
		};
/* End XCBuildConfiguration section */

/* Begin XCConfigurationList section */
		75C2DDBE2A60BA0E008CC6D8 /* Build configuration list for PBXProject "Restart" */ = {
			isa = XCConfigurationList;
			buildConfigurations = (
				75C2DDCF2A60BA0F008CC6D8 /* Debug */,
				75C2DDD02A60BA0F008CC6D8 /* Release */,
			);
			defaultConfigurationIsVisible = 0;
			defaultConfigurationName = Release;
		};
		75C2DDD12A60BA0F008CC6D8 /* Build configuration list for PBXNativeTarget "Restart" */ = {
			isa = XCConfigurationList;
			buildConfigurations = (
				75C2DDD22A60BA0F008CC6D8 /* Debug */,
				75C2DDD32A60BA0F008CC6D8 /* Release */,
			);
			defaultConfigurationIsVisible = 0;
			defaultConfigurationName = Release;
		};
/* End XCConfigurationList section */
	};
	rootObject = 75C2DDBB2A60BA0E008CC6D8 /* Project object */;
}
